# This file is autogenerated, do not edit; changes may be undone by the next 'dep ensure'.


[[projects]]
  branch = "master"
  name = "github.com/go-gl/gl"
  packages = ["v3.3-core/gl"]
  revision = "ac0d3d2af0fe995e2bb09fa6619b716b0c0fc0fa"

[[projects]]
  branch = "master"
  name = "github.com/go-gl/glfw"
  packages = ["v3.1/glfw"]
  revision = "513e4f2bf85c31fba0fc4907abd7895242ccbe50"

[[projects]]
  branch = "master"
  name = "github.com/go-gl/mathgl"
  packages = ["mgl32"]
  revision = "4c3fc6b4bf30179013667e5d0b926e024d9a13c1"

[[projects]]
  branch = "master"
  name = "github.com/golang/freetype"
  packages = [".","raster","truetype"]
  revision = "e2365dfdc4a05e4b8299a783240d4a7d5a65d4e4"

[[projects]]
  branch = "development"
  name = "github.com/tbogdala/eweygewey"
  packages = [".","embeddedfonts","glfwinput"]
  revision = "a9e5eee6e1b3b9b5993190639df1e950346c1ad9"

[[projects]]
  branch = "development"
  name = "github.com/tbogdala/fizzle"
  packages = [".","component","graphicsprovider","graphicsprovider/opengl","input/glfwinput","renderer","renderer/forward","scene"]
  revision = "ac975eb1efba52ab20c7113b02943ce13069f323"

[[projects]]
  branch = "development"
  name = "github.com/tbogdala/glider"
  packages = ["."]
  revision = "5d7160b47eaec66f0ce47b06d1103bae4d7c0c39"

[[projects]]
  branch = "master"
  name = "github.com/tbogdala/gombz"
  packages = ["."]
  revision = "aee583525334a2b108c83ce14259c6c6eb6abf3b"

[[projects]]
  name = "github.com/tbogdala/groggy"
  packages = ["."]
  revision = "614730b71de2abd30e72c56c8fbfbd5435e2a769"
  version = "v1.0.0"

[[projects]]
  branch = "development"
  name = "github.com/tbogdala/openvr-go"
  packages = [".","util/fizzlevr"]
  revision = "f82e667e2d123bf3ea71e4bc2c86820a0b8f0355"

[[projects]]
  branch = "master"
  name = "golang.org/x/image"
  packages = ["font","math/f32","math/fixed"]
  revision = "f7e31b4ea2e3413ab91b4e7d2dc83e5f8d19a44c"

[[projects]]
  branch = "v2"
  name = "gopkg.in/mgo.v2"
  packages = ["bson","internal/json"]
  revision = "3f83fa5005286a7fe593b055f0d7771a7dce4655"

[solve-meta]
  analyzer-name = "dep"
  analyzer-version = 1
  inputs-digest = "da67c65cff08169be1bbd73b65a78e24131a47d3b8ac1c6f093df137920e03d7"
  solver-name = "gps-cdcl"
  solver-version = 1
