# This file is autogenerated, do not edit; changes may be undone by the next 'dep ensure'.


[[projects]]
  branch = "master"
  name = "github.com/go-gl/gl"
  packages = ["v3.3-core/gl"]
  revision = "ac0d3d2af0fe995e2bb09fa6619b716b0c0fc0fa"

[[projects]]
  branch = "master"
  name = "github.com/go-gl/glfw"
  packages = ["v3.1/glfw"]
  revision = "513e4f2bf85c31fba0fc4907abd7895242ccbe50"

[[projects]]
  branch = "master"
  name = "github.com/go-gl/mathgl"
  packages = ["mgl32"]
  revision = "4c3fc6b4bf30179013667e5d0b926e024d9a13c1"

[[projects]]
  branch = "master"
  name = "github.com/golang/freetype"
  packages = [".","raster","truetype"]
  revision = "e2365dfdc4a05e4b8299a783240d4a7d5a65d4e4"

[[projects]]
  name = "github.com/tbogdala/eweygewey"
  packages = [".","embeddedfonts","glfwinput"]
  revision = "3a487316a7c34a2377a865cb2c313162fb21e715"
  version = "v0.3.2"

[[projects]]
  name = "github.com/tbogdala/fizzle"
  packages = [".","component","graphicsprovider","graphicsprovider/opengl","input/glfwinput","renderer","renderer/forward","scene"]
  revision = "13acef88cee2a9247d54636aff53517d3a556b01"
  version = "v0.3.1"

[[projects]]
  name = "github.com/tbogdala/glider"
  packages = ["."]
  revision = "94a0bfa719cb1e9157b573905b9966f994b8896c"
  version = "v0.2.1"

[[projects]]
  branch = "master"
  name = "github.com/tbogdala/gombz"
  packages = ["."]
  revision = "aee583525334a2b108c83ce14259c6c6eb6abf3b"

[[projects]]
  name = "github.com/tbogdala/groggy"
  packages = ["."]
  revision = "614730b71de2abd30e72c56c8fbfbd5435e2a769"
  version = "v1.0.0"

[[projects]]
  name = "github.com/tbogdala/openvr-go"
  packages = [".","util/fizzlevr"]
  revision = "12844a031f04997f3a7c0f86080642ec02053dd1"
  version = "v0.4.2"

[[projects]]
  branch = "master"
  name = "golang.org/x/image"
  packages = ["font","math/f32","math/fixed"]
  revision = "f7e31b4ea2e3413ab91b4e7d2dc83e5f8d19a44c"

[[projects]]
  branch = "v2"
  name = "gopkg.in/mgo.v2"
  packages = ["bson","internal/json"]
  revision = "3f83fa5005286a7fe593b055f0d7771a7dce4655"

[solve-meta]
  analyzer-name = "dep"
  analyzer-version = 1
  inputs-digest = "ae658093b8353890f6f21ab3dc7f80e7869feb0a680edc4c0831c248a400ff6c"
  solver-name = "gps-cdcl"
  solver-version = 1
